
Microsoft Visual Studio Solution File, Format Version 12.00
# Visual Studio Version 16
VisualStudioVersion = 16.0.29326.143
MinimumVisualStudioVersion = 10.0.40219.1
Project("{FAE04EC0-301F-11D3-BF4B-00C04F79EFBC}") = "ЗД1", "ЗД1.csproj", "{685C056C-6A1C-4291-A4F4-7EA0F18C30A4}"
EndProject
Global
	GlobalSection(SolutionConfigurationPlatforms) = preSolution
		Debug|Any CPU = Debug|Any CPU
		Release|Any CPU = Release|Any CPU
	EndGlobalSection
	GlobalSection(ProjectConfigurationPlatforms) = postSolution
		{685C056C-6A1C-4291-A4F4-7EA0F18C30A4}.Debug|Any CPU.ActiveCfg = Debug|Any CPU
		{685C056C-6A1C-4291-A4F4-7EA0F18C30A4}.Debug|Any CPU.Build.0 = Debug|Any CPU
		{685C056C-6A1C-4291-A4F4-7EA0F18C30A4}.Release|Any CPU.ActiveCfg = Release|Any CPU
		{685C056C-6A1C-4291-A4F4-7EA0F18C30A4}.Release|Any CPU.Build.0 = Release|Any CPU
	EndGlobalSection
	GlobalSection(SolutionProperties) = preSolution
		HideSolutionNode = FALSE
	EndGlobalSection
	GlobalSection(ExtensibilityGlobals) = postSolution
		SolutionGuid = {2C00D4DA-4EF8-4807-B0AC-34366922062E}
	EndGlobalSection
EndGlobal
