
Microsoft Visual Studio Solution File, Format Version 12.00
# Visual Studio Version 16
VisualStudioVersion = 16.0.29326.143
MinimumVisualStudioVersion = 10.0.40219.1
Project("{FAE04EC0-301F-11D3-BF4B-00C04F79EFBC}") = "Дробное число", "Дробное число.csproj", "{F0C9BEB2-C32E-4ED3-A2D6-256391C2C26B}"
EndProject
Global
	GlobalSection(SolutionConfigurationPlatforms) = preSolution
		Debug|Any CPU = Debug|Any CPU
		Release|Any CPU = Release|Any CPU
	EndGlobalSection
	GlobalSection(ProjectConfigurationPlatforms) = postSolution
		{F0C9BEB2-C32E-4ED3-A2D6-256391C2C26B}.Debug|Any CPU.ActiveCfg = Debug|Any CPU
		{F0C9BEB2-C32E-4ED3-A2D6-256391C2C26B}.Debug|Any CPU.Build.0 = Debug|Any CPU
		{F0C9BEB2-C32E-4ED3-A2D6-256391C2C26B}.Release|Any CPU.ActiveCfg = Release|Any CPU
		{F0C9BEB2-C32E-4ED3-A2D6-256391C2C26B}.Release|Any CPU.Build.0 = Release|Any CPU
	EndGlobalSection
	GlobalSection(SolutionProperties) = preSolution
		HideSolutionNode = FALSE
	EndGlobalSection
	GlobalSection(ExtensibilityGlobals) = postSolution
		SolutionGuid = {9AE9FCA9-CC6B-49E8-8815-4064BA4D2F64}
	EndGlobalSection
EndGlobal
